
Microsoft Visual Studio Solution File, Format Version 12.00
# Visual Studio 15
VisualStudioVersion = 15.0.28010.2041
MinimumVisualStudioVersion = 10.0.40219.1
Project("{FAE04EC0-301F-11D3-BF4B-00C04F79EFBC}") = "Cr2wTools_RTTIExporter", "Cr2wTools_RTTIExporter\Cr2wTools_RTTIExporter.csproj", "{5EA08383-0472-435C-B2A9-BB6BD622E33D}"
EndProject
Global
	GlobalSection(SolutionConfigurationPlatforms) = preSolution
		Debug|Any CPU = Debug|Any CPU
		Release|Any CPU = Release|Any CPU
	EndGlobalSection
	GlobalSection(ProjectConfigurationPlatforms) = postSolution
		{5EA08383-0472-435C-B2A9-BB6BD622E33D}.Debug|Any CPU.ActiveCfg = Debug|Any CPU
		{5EA08383-0472-435C-B2A9-BB6BD622E33D}.Debug|Any CPU.Build.0 = Debug|Any CPU
		{5EA08383-0472-435C-B2A9-BB6BD622E33D}.Release|Any CPU.ActiveCfg = Release|Any CPU
		{5EA08383-0472-435C-B2A9-BB6BD622E33D}.Release|Any CPU.Build.0 = Release|Any CPU
	EndGlobalSection
	GlobalSection(SolutionProperties) = preSolution
		HideSolutionNode = FALSE
	EndGlobalSection
	GlobalSection(ExtensibilityGlobals) = postSolution
		SolutionGuid = {EA994940-3294-4405-AB62-A6D803B39832}
	EndGlobalSection
EndGlobal
